
Microsoft Visual Studio Solution File, Format Version 12.00
# Visual Studio Version 16
VisualStudioVersion = 16.0.32002.261
MinimumVisualStudioVersion = 10.0.40219.1
Project("{FAE04EC0-301F-11D3-BF4B-00C04F79EFBC}") = "job portal", "job portal.csproj", "{C8FE316F-3E94-4962-9C8C-3848E26311E2}"
EndProject
Global
	GlobalSection(SolutionConfigurationPlatforms) = preSolution
		Debug|Any CPU = Debug|Any CPU
		Release|Any CPU = Release|Any CPU
	EndGlobalSection
	GlobalSection(ProjectConfigurationPlatforms) = postSolution
		{C8FE316F-3E94-4962-9C8C-3848E26311E2}.Debug|Any CPU.ActiveCfg = Debug|Any CPU
		{C8FE316F-3E94-4962-9C8C-3848E26311E2}.Debug|Any CPU.Build.0 = Debug|Any CPU
		{C8FE316F-3E94-4962-9C8C-3848E26311E2}.Release|Any CPU.ActiveCfg = Release|Any CPU
		{C8FE316F-3E94-4962-9C8C-3848E26311E2}.Release|Any CPU.Build.0 = Release|Any CPU
	EndGlobalSection
	GlobalSection(SolutionProperties) = preSolution
		HideSolutionNode = FALSE
	EndGlobalSection
	GlobalSection(ExtensibilityGlobals) = postSolution
		SolutionGuid = {ACDC3CE9-F7C4-4985-BAB1-2693F0237E4E}
	EndGlobalSection
EndGlobal
